
Microsoft Visual Studio Solution File, Format Version 12.00
# Visual Studio 15
VisualStudioVersion = 15.0.27703.2000
MinimumVisualStudioVersion = 10.0.40219.1
Project("{888888A0-9F3D-457C-B088-3A5042F75D52}") = "sci", "sci\sci.pyproj", "{A7FFC072-BA0B-4597-845C-C5532504F2B2}"
EndProject
Global
	GlobalSection(SolutionConfigurationPlatforms) = preSolution
		Debug|Any CPU = Debug|Any CPU
		Release|Any CPU = Release|Any CPU
	EndGlobalSection
	GlobalSection(ProjectConfigurationPlatforms) = postSolution
		{A7FFC072-BA0B-4597-845C-C5532504F2B2}.Debug|Any CPU.ActiveCfg = Debug|Any CPU
		{A7FFC072-BA0B-4597-845C-C5532504F2B2}.Release|Any CPU.ActiveCfg = Release|Any CPU
	EndGlobalSection
	GlobalSection(SolutionProperties) = preSolution
		HideSolutionNode = FALSE
	EndGlobalSection
	GlobalSection(ExtensibilityGlobals) = postSolution
		SolutionGuid = {96A45083-DCCA-4150-8954-A44A0EB2A0A7}
	EndGlobalSection
EndGlobal
